
Microsoft Visual Studio Solution File, Format Version 12.00
# Visual Studio Version 17
VisualStudioVersion = 17.11.35327.3
MinimumVisualStudioVersion = 10.0.40219.1
Project("{9A19103F-16F7-4668-BE54-9A1E7A4F7556}") = "DonationApp.API", "DonationApp.API\DonationApp.API.csproj", "{E008441B-8673-4DB5-BA3E-9E074B7D801D}"
EndProject
Project("{9A19103F-16F7-4668-BE54-9A1E7A4F7556}") = "DonationApp.Infrastructure", "DonationApp.Infrastructure\DonationApp.Infrastructure.csproj", "{50B66569-EB9C-4348-9924-78ABA0A8EAE5}"
EndProject
Project("{9A19103F-16F7-4668-BE54-9A1E7A4F7556}") = "DonationApp.Core", "DonationApp.Core\DonationApp.Core.csproj", "{B0A564C6-1C91-4004-8863-C948992B7B36}"
EndProject
Project("{9A19103F-16F7-4668-BE54-9A1E7A4F7556}") = "DonationApp.UseCase", "DonationApp.UseCase\DonationApp.UseCase.csproj", "{154252FF-C3D1-43B8-A8AE-9DE2AA0EB4CC}"
EndProject
Project("{54A90642-561A-4BB1-A94E-469ADEE60C69}") = "DonationApp.UI", "DonationApp.UI\DonationApp.UI.esproj", "{0386964A-1494-4C13-93D6-436A51523A75}"
EndProject
Global
	GlobalSection(SolutionConfigurationPlatforms) = preSolution
		Debug|Any CPU = Debug|Any CPU
		Release|Any CPU = Release|Any CPU
	EndGlobalSection
	GlobalSection(ProjectConfigurationPlatforms) = postSolution
		{E008441B-8673-4DB5-BA3E-9E074B7D801D}.Debug|Any CPU.ActiveCfg = Debug|Any CPU
		{E008441B-8673-4DB5-BA3E-9E074B7D801D}.Debug|Any CPU.Build.0 = Debug|Any CPU
		{E008441B-8673-4DB5-BA3E-9E074B7D801D}.Release|Any CPU.ActiveCfg = Release|Any CPU
		{E008441B-8673-4DB5-BA3E-9E074B7D801D}.Release|Any CPU.Build.0 = Release|Any CPU
		{50B66569-EB9C-4348-9924-78ABA0A8EAE5}.Debug|Any CPU.ActiveCfg = Debug|Any CPU
		{50B66569-EB9C-4348-9924-78ABA0A8EAE5}.Debug|Any CPU.Build.0 = Debug|Any CPU
		{50B66569-EB9C-4348-9924-78ABA0A8EAE5}.Release|Any CPU.ActiveCfg = Release|Any CPU
		{50B66569-EB9C-4348-9924-78ABA0A8EAE5}.Release|Any CPU.Build.0 = Release|Any CPU
		{B0A564C6-1C91-4004-8863-C948992B7B36}.Debug|Any CPU.ActiveCfg = Debug|Any CPU
		{B0A564C6-1C91-4004-8863-C948992B7B36}.Debug|Any CPU.Build.0 = Debug|Any CPU
		{B0A564C6-1C91-4004-8863-C948992B7B36}.Release|Any CPU.ActiveCfg = Release|Any CPU
		{B0A564C6-1C91-4004-8863-C948992B7B36}.Release|Any CPU.Build.0 = Release|Any CPU
		{154252FF-C3D1-43B8-A8AE-9DE2AA0EB4CC}.Debug|Any CPU.ActiveCfg = Debug|Any CPU
		{154252FF-C3D1-43B8-A8AE-9DE2AA0EB4CC}.Debug|Any CPU.Build.0 = Debug|Any CPU
		{154252FF-C3D1-43B8-A8AE-9DE2AA0EB4CC}.Release|Any CPU.ActiveCfg = Release|Any CPU
		{154252FF-C3D1-43B8-A8AE-9DE2AA0EB4CC}.Release|Any CPU.Build.0 = Release|Any CPU
		{0386964A-1494-4C13-93D6-436A51523A75}.Debug|Any CPU.ActiveCfg = Debug|Any CPU
		{0386964A-1494-4C13-93D6-436A51523A75}.Debug|Any CPU.Build.0 = Debug|Any CPU
		{0386964A-1494-4C13-93D6-436A51523A75}.Debug|Any CPU.Deploy.0 = Debug|Any CPU
		{0386964A-1494-4C13-93D6-436A51523A75}.Release|Any CPU.ActiveCfg = Release|Any CPU
		{0386964A-1494-4C13-93D6-436A51523A75}.Release|Any CPU.Build.0 = Release|Any CPU
		{0386964A-1494-4C13-93D6-436A51523A75}.Release|Any CPU.Deploy.0 = Release|Any CPU
	EndGlobalSection
	GlobalSection(SolutionProperties) = preSolution
		HideSolutionNode = FALSE
	EndGlobalSection
	GlobalSection(ExtensibilityGlobals) = postSolution
		SolutionGuid = {00966A71-6F6B-4653-ACC8-8B8767070064}
	EndGlobalSection
EndGlobal
