
Microsoft Visual Studio Solution File, Format Version 12.00
# Visual Studio Version 17
VisualStudioVersion = 17.11.35327.3
MinimumVisualStudioVersion = 10.0.40219.1
Project("{FAE04EC0-301F-11D3-BF4B-00C04F79EFBC}") = "DonationApp.API", "DonationApp.API\DonationApp.API.csproj", "{E008441B-8673-4DB5-BA3E-9E074B7D801D}"
EndProject
Project("{FAE04EC0-301F-11D3-BF4B-00C04F79EFBC}") = "DonationApp.Domain", "DonationApp.Domain\DonationApp.Domain.csproj", "{03C34C45-1C5C-45D7-91D5-79AAE597E813}"
EndProject
Project("{FAE04EC0-301F-11D3-BF4B-00C04F79EFBC}") = "DonationApp.Infrastructure", "DonationApp.Infrastructure\DonationApp.Infrastructure.csproj", "{50B66569-EB9C-4348-9924-78ABA0A8EAE5}"
EndProject
Global
	GlobalSection(SolutionConfigurationPlatforms) = preSolution
		Debug|Any CPU = Debug|Any CPU
		Release|Any CPU = Release|Any CPU
	EndGlobalSection
	GlobalSection(ProjectConfigurationPlatforms) = postSolution
		{E008441B-8673-4DB5-BA3E-9E074B7D801D}.Debug|Any CPU.ActiveCfg = Debug|Any CPU
		{E008441B-8673-4DB5-BA3E-9E074B7D801D}.Debug|Any CPU.Build.0 = Debug|Any CPU
		{E008441B-8673-4DB5-BA3E-9E074B7D801D}.Release|Any CPU.ActiveCfg = Release|Any CPU
		{E008441B-8673-4DB5-BA3E-9E074B7D801D}.Release|Any CPU.Build.0 = Release|Any CPU
		{03C34C45-1C5C-45D7-91D5-79AAE597E813}.Debug|Any CPU.ActiveCfg = Debug|Any CPU
		{03C34C45-1C5C-45D7-91D5-79AAE597E813}.Debug|Any CPU.Build.0 = Debug|Any CPU
		{03C34C45-1C5C-45D7-91D5-79AAE597E813}.Release|Any CPU.ActiveCfg = Release|Any CPU
		{03C34C45-1C5C-45D7-91D5-79AAE597E813}.Release|Any CPU.Build.0 = Release|Any CPU
		{50B66569-EB9C-4348-9924-78ABA0A8EAE5}.Debug|Any CPU.ActiveCfg = Debug|Any CPU
		{50B66569-EB9C-4348-9924-78ABA0A8EAE5}.Debug|Any CPU.Build.0 = Debug|Any CPU
		{50B66569-EB9C-4348-9924-78ABA0A8EAE5}.Release|Any CPU.ActiveCfg = Release|Any CPU
		{50B66569-EB9C-4348-9924-78ABA0A8EAE5}.Release|Any CPU.Build.0 = Release|Any CPU
	EndGlobalSection
	GlobalSection(SolutionProperties) = preSolution
		HideSolutionNode = FALSE
	EndGlobalSection
	GlobalSection(ExtensibilityGlobals) = postSolution
		SolutionGuid = {00966A71-6F6B-4653-ACC8-8B8767070064}
	EndGlobalSection
EndGlobal
